// !$*UTF8*$!
{
	archiveVersion = 1;
	classes = {
	};
	objectVersion = 48;
	objects = {

/* Begin PBXBuildFile section */
		727FFE9E1FEFE8BE00BAE86E /* AppDelegate.swift in Sources */ = {isa = PBXBuildFile; fileRef = 727FFE9D1FEFE8BE00BAE86E /* AppDelegate.swift */; };
		727FFEA01FEFE8BE00BAE86E /* ViewController.swift in Sources */ = {isa = PBXBuildFile; fileRef = 727FFE9F1FEFE8BE00BAE86E /* ViewController.swift */; };
		727FFEA31FEFE8BE00BAE86E /* Main.storyboard in Resources */ = {isa = PBXBuildFile; fileRef = 727FFEA11FEFE8BE00BAE86E /* Main.storyboard */; };
		727FFEA51FEFE8BE00BAE86E /* Assets.xcassets in Resources */ = {isa = PBXBuildFile; fileRef = 727FFEA41FEFE8BE00BAE86E /* Assets.xcassets */; };
		727FFEA81FEFE8BE00BAE86E /* LaunchScreen.storyboard in Resources */ = {isa = PBXBuildFile; fileRef = 727FFEA61FEFE8BE00BAE86E /* LaunchScreen.storyboard */; };
		727FFEB31FEFE8BF00BAE86E /* ExposureTrackerTests.swift in Sources */ = {isa = PBXBuildFile; fileRef = 727FFEB21FEFE8BF00BAE86E /* ExposureTrackerTests.swift */; };
		727FFEBF1FF103FA00BAE86E /* AVFoundation.framework in Frameworks */ = {isa = PBXBuildFile; fileRef = 727FFEBE1FF103FA00BAE86E /* AVFoundation.framework */; };
		727FFEC11FF3CABA00BAE86E /* ExposureTracker.swift in Sources */ = {isa = PBXBuildFile; fileRef = 727FFEC01FF3CABA00BAE86E /* ExposureTracker.swift */; };
		727FFEC31FF3D3CF00BAE86E /* RecordButton.swift in Sources */ = {isa = PBXBuildFile; fileRef = 727FFEC21FF3D3CF00BAE86E /* RecordButton.swift */; };
		727FFEC51FF3D89500BAE86E /* ResultsViewController.swift in Sources */ = {isa = PBXBuildFile; fileRef = 727FFEC41FF3D89500BAE86E /* ResultsViewController.swift */; };
/* End PBXBuildFile section */

/* Begin PBXContainerItemProxy section */
		727FFEAF1FEFE8BF00BAE86E /* PBXContainerItemProxy */ = {
			isa = PBXContainerItemProxy;
			containerPortal = 727FFE921FEFE8BE00BAE86E /* Project object */;
			proxyType = 1;
			remoteGlobalIDString = 727FFE991FEFE8BE00BAE86E;
			remoteInfo = ExposureTracker;
		};
/* End PBXContainerItemProxy section */

/* Begin PBXFileReference section */
		727FFE9A1FEFE8BE00BAE86E /* ExposureTracker.app */ = {isa = PBXFileReference; explicitFileType = wrapper.application; includeInIndex = 0; path = ExposureTracker.app; sourceTree = BUILT_PRODUCTS_DIR; };
		727FFE9D1FEFE8BE00BAE86E /* AppDelegate.swift */ = {isa = PBXFileReference; lastKnownFileType = sourcecode.swift; path = AppDelegate.swift; sourceTree = "<group>"; };
		727FFE9F1FEFE8BE00BAE86E /* ViewController.swift */ = {isa = PBXFileReference; lastKnownFileType = sourcecode.swift; path = ViewController.swift; sourceTree = "<group>"; };
		727FFEA21FEFE8BE00BAE86E /* Base */ = {isa = PBXFileReference; lastKnownFileType = file.storyboard; name = Base; path = Base.lproj/Main.storyboard; sourceTree = "<group>"; };
		727FFEA41FEFE8BE00BAE86E /* Assets.xcassets */ = {isa = PBXFileReference; lastKnownFileType = folder.assetcatalog; path = Assets.xcassets; sourceTree = "<group>"; };
		727FFEA71FEFE8BE00BAE86E /* Base */ = {isa = PBXFileReference; lastKnownFileType = file.storyboard; name = Base; path = Base.lproj/LaunchScreen.storyboard; sourceTree = "<group>"; };
		727FFEA91FEFE8BE00BAE86E /* Info.plist */ = {isa = PBXFileReference; lastKnownFileType = text.plist.xml; path = Info.plist; sourceTree = "<group>"; };
		727FFEAE1FEFE8BF00BAE86E /* ExposureTrackerTests.xctest */ = {isa = PBXFileReference; explicitFileType = wrapper.cfbundle; includeInIndex = 0; path = ExposureTrackerTests.xctest; sourceTree = BUILT_PRODUCTS_DIR; };
		727FFEB21FEFE8BF00BAE86E /* ExposureTrackerTests.swift */ = {isa = PBXFileReference; lastKnownFileType = sourcecode.swift; path = ExposureTrackerTests.swift; sourceTree = "<group>"; };
		727FFEB41FEFE8BF00BAE86E /* Info.plist */ = {isa = PBXFileReference; lastKnownFileType = text.plist.xml; path = Info.plist; sourceTree = "<group>"; };
		727FFEBE1FF103FA00BAE86E /* AVFoundation.framework */ = {isa = PBXFileReference; lastKnownFileType = wrapper.framework; name = AVFoundation.framework; path = System/Library/Frameworks/AVFoundation.framework; sourceTree = SDKROOT; };
		727FFEC01FF3CABA00BAE86E /* ExposureTracker.swift */ = {isa = PBXFileReference; lastKnownFileType = sourcecode.swift; path = ExposureTracker.swift; sourceTree = "<group>"; };
		727FFEC21FF3D3CF00BAE86E /* RecordButton.swift */ = {isa = PBXFileReference; lastKnownFileType = sourcecode.swift; path = RecordButton.swift; sourceTree = "<group>"; };
		727FFEC41FF3D89500BAE86E /* ResultsViewController.swift */ = {isa = PBXFileReference; lastKnownFileType = sourcecode.swift; path = ResultsViewController.swift; sourceTree = "<group>"; };
/* End PBXFileReference section */

/* Begin PBXFrameworksBuildPhase section */
		727FFE971FEFE8BE00BAE86E /* Frameworks */ = {
			isa = PBXFrameworksBuildPhase;
			buildActionMask = 2147483647;
			files = (
				727FFEBF1FF103FA00BAE86E /* AVFoundation.framework in Frameworks */,
			);
			runOnlyForDeploymentPostprocessing = 0;
		};
		727FFEAB1FEFE8BF00BAE86E /* Frameworks */ = {
			isa = PBXFrameworksBuildPhase;
			buildActionMask = 2147483647;
			files = (
			);
			runOnlyForDeploymentPostprocessing = 0;
		};
/* End PBXFrameworksBuildPhase section */

/* Begin PBXGroup section */
		727FFE911FEFE8BE00BAE86E = {
			isa = PBXGroup;
			children = (
				727FFE9C1FEFE8BE00BAE86E /* ExposureTracker */,
				727FFEB11FEFE8BF00BAE86E /* ExposureTrackerTests */,
				727FFE9B1FEFE8BE00BAE86E /* Products */,
				727FFEBD1FF103FA00BAE86E /* Frameworks */,
			);
			sourceTree = "<group>";
		};
		727FFE9B1FEFE8BE00BAE86E /* Products */ = {
			isa = PBXGroup;
			children = (
				727FFE9A1FEFE8BE00BAE86E /* ExposureTracker.app */,
				727FFEAE1FEFE8BF00BAE86E /* ExposureTrackerTests.xctest */,
			);
			name = Products;
			sourceTree = "<group>";
		};
		727FFE9C1FEFE8BE00BAE86E /* ExposureTracker */ = {
			isa = PBXGroup;
			children = (
				727FFE9D1FEFE8BE00BAE86E /* AppDelegate.swift */,
				727FFE9F1FEFE8BE00BAE86E /* ViewController.swift */,
				727FFEC41FF3D89500BAE86E /* ResultsViewController.swift */,
				727FFEC01FF3CABA00BAE86E /* ExposureTracker.swift */,
				727FFEC21FF3D3CF00BAE86E /* RecordButton.swift */,
				727FFEA11FEFE8BE00BAE86E /* Main.storyboard */,
				727FFEA41FEFE8BE00BAE86E /* Assets.xcassets */,
				727FFEA61FEFE8BE00BAE86E /* LaunchScreen.storyboard */,
				727FFEA91FEFE8BE00BAE86E /* Info.plist */,
			);
			path = ExposureTracker;
			sourceTree = "<group>";
		};
		727FFEB11FEFE8BF00BAE86E /* ExposureTrackerTests */ = {
			isa = PBXGroup;
			children = (
				727FFEB21FEFE8BF00BAE86E /* ExposureTrackerTests.swift */,
				727FFEB41FEFE8BF00BAE86E /* Info.plist */,
			);
			path = ExposureTrackerTests;
			sourceTree = "<group>";
		};
		727FFEBD1FF103FA00BAE86E /* Frameworks */ = {
			isa = PBXGroup;
			children = (
				727FFEBE1FF103FA00BAE86E /* AVFoundation.framework */,
			);
			name = Frameworks;
			sourceTree = "<group>";
		};
/* End PBXGroup section */

/* Begin PBXNativeTarget section */
		727FFE991FEFE8BE00BAE86E /* ExposureTracker */ = {
			isa = PBXNativeTarget;
			buildConfigurationList = 727FFEB71FEFE8BF00BAE86E /* Build configuration list for PBXNativeTarget "ExposureTracker" */;
			buildPhases = (
				727FFE961FEFE8BE00BAE86E /* Sources */,
				727FFE971FEFE8BE00BAE86E /* Frameworks */,
				727FFE981FEFE8BE00BAE86E /* Resources */,
			);
			buildRules = (
			);
			dependencies = (
			);
			name = ExposureTracker;
			productName = ExposureTracker;
			productReference = 727FFE9A1FEFE8BE00BAE86E /* ExposureTracker.app */;
			productType = "com.apple.product-type.application";
		};
		727FFEAD1FEFE8BF00BAE86E /* ExposureTrackerTests */ = {
			isa = PBXNativeTarget;
			buildConfigurationList = 727FFEBA1FEFE8BF00BAE86E /* Build configuration list for PBXNativeTarget "ExposureTrackerTests" */;
			buildPhases = (
				727FFEAA1FEFE8BF00BAE86E /* Sources */,
				727FFEAB1FEFE8BF00BAE86E /* Frameworks */,
				727FFEAC1FEFE8BF00BAE86E /* Resources */,
			);
			buildRules = (
			);
			dependencies = (
				727FFEB01FEFE8BF00BAE86E /* PBXTargetDependency */,
			);
			name = ExposureTrackerTests;
			productName = ExposureTrackerTests;
			productReference = 727FFEAE1FEFE8BF00BAE86E /* ExposureTrackerTests.xctest */;
			productType = "com.apple.product-type.bundle.unit-test";
		};
/* End PBXNativeTarget section */

/* Begin PBXProject section */
		727FFE921FEFE8BE00BAE86E /* Project object */ = {
			isa = PBXProject;
			attributes = {
				LastSwiftUpdateCheck = 0920;
				LastUpgradeCheck = 0920;
				ORGANIZATIONNAME = "Michael Berg";
				TargetAttributes = {
					727FFE991FEFE8BE00BAE86E = {
						CreatedOnToolsVersion = 9.2;
						ProvisioningStyle = Automatic;
					};
					727FFEAD1FEFE8BF00BAE86E = {
						CreatedOnToolsVersion = 9.2;
						ProvisioningStyle = Automatic;
						TestTargetID = 727FFE991FEFE8BE00BAE86E;
					};
				};
			};
			buildConfigurationList = 727FFE951FEFE8BE00BAE86E /* Build configuration list for PBXProject "ExposureTracker" */;
			compatibilityVersion = "Xcode 8.0";
			developmentRegion = en;
			hasScannedForEncodings = 0;
			knownRegions = (
				en,
				Base,
			);
			mainGroup = 727FFE911FEFE8BE00BAE86E;
			productRefGroup = 727FFE9B1FEFE8BE00BAE86E /* Products */;
			projectDirPath = "";
			projectRoot = "";
			targets = (
				727FFE991FEFE8BE00BAE86E /* ExposureTracker */,
				727FFEAD1FEFE8BF00BAE86E /* ExposureTrackerTests */,
			);
		};
/* End PBXProject section */

/* Begin PBXResourcesBuildPhase section */
		727FFE981FEFE8BE00BAE86E /* Resources */ = {
			isa = PBXResourcesBuildPhase;
			buildActionMask = 2147483647;
			files = (
				727FFEA81FEFE8BE00BAE86E /* LaunchScreen.storyboard in Resources */,
				727FFEA51FEFE8BE00BAE86E /* Assets.xcassets in Resources */,
				727FFEA31FEFE8BE00BAE86E /* Main.storyboard in Resources */,
			);
			runOnlyForDeploymentPostprocessing = 0;
		};
		727FFEAC1FEFE8BF00BAE86E /* Resources */ = {
			isa = PBXResourcesBuildPhase;
			buildActionMask = 2147483647;
			files = (
			);
			runOnlyForDeploymentPostprocessing = 0;
		};
/* End PBXResourcesBuildPhase section */

/* Begin PBXSourcesBuildPhase section */
		727FFE961FEFE8BE00BAE86E /* Sources */ = {
			isa = PBXSourcesBuildPhase;
			buildActionMask = 2147483647;
			files = (
				727FFEC31FF3D3CF00BAE86E /* RecordButton.swift in Sources */,
				727FFEA01FEFE8BE00BAE86E /* ViewController.swift in Sources */,
				727FFE9E1FEFE8BE00BAE86E /* AppDelegate.swift in Sources */,
				727FFEC51FF3D89500BAE86E /* ResultsViewController.swift in Sources */,
				727FFEC11FF3CABA00BAE86E /* ExposureTracker.swift in Sources */,
			);
			runOnlyForDeploymentPostprocessing = 0;
		};
		727FFEAA1FEFE8BF00BAE86E /* Sources */ = {
			isa = PBXSourcesBuildPhase;
			buildActionMask = 2147483647;
			files = (
				727FFEB31FEFE8BF00BAE86E /* ExposureTrackerTests.swift in Sources */,
			);
			runOnlyForDeploymentPostprocessing = 0;
		};
/* End PBXSourcesBuildPhase section */

/* Begin PBXTargetDependency section */
		727FFEB01FEFE8BF00BAE86E /* PBXTargetDependency */ = {
			isa = PBXTargetDependency;
			target = 727FFE991FEFE8BE00BAE86E /* ExposureTracker */;
			targetProxy = 727FFEAF1FEFE8BF00BAE86E /* PBXContainerItemProxy */;
		};
/* End PBXTargetDependency section */

/* Begin PBXVariantGroup section */
		727FFEA11FEFE8BE00BAE86E /* Main.storyboard */ = {
			isa = PBXVariantGroup;
			children = (
				727FFEA21FEFE8BE00BAE86E /* Base */,
			);
			name = Main.storyboard;
			sourceTree = "<group>";
		};
		727FFEA61FEFE8BE00BAE86E /* LaunchScreen.storyboard */ = {
			isa = PBXVariantGroup;
			children = (
				727FFEA71FEFE8BE00BAE86E /* Base */,
			);
			name = LaunchScreen.storyboard;
			sourceTree = "<group>";
		};
/* End PBXVariantGroup section */

/* Begin XCBuildConfiguration section */
		727FFEB51FEFE8BF00BAE86E /* Debug */ = {
			isa = XCBuildConfiguration;
			buildSettings = {
				ALWAYS_SEARCH_USER_PATHS = NO;
				CLANG_ANALYZER_NONNULL = YES;
				CLANG_ANALYZER_NUMBER_OBJECT_CONVERSION = YES_AGGRESSIVE;
				CLANG_CXX_LANGUAGE_STANDARD = "gnu++14";
				CLANG_CXX_LIBRARY = "libc++";
				CLANG_ENABLE_MODULES = YES;
				CLANG_ENABLE_OBJC_ARC = YES;
				CLANG_WARN_BLOCK_CAPTURE_AUTORELEASING = YES;
				CLANG_WARN_BOOL_CONVERSION = YES;
				CLANG_WARN_COMMA = YES;
				CLANG_WARN_CONSTANT_CONVERSION = YES;
				CLANG_WARN_DIRECT_OBJC_ISA_USAGE = YES_ERROR;
				CLANG_WARN_DOCUMENTATION_COMMENTS = YES;
				CLANG_WARN_EMPTY_BODY = YES;
				CLANG_WARN_ENUM_CONVERSION = YES;
				CLANG_WARN_INFINITE_RECURSION = YES;
				CLANG_WARN_INT_CONVERSION = YES;
				CLANG_WARN_NON_LITERAL_NULL_CONVERSION = YES;
				CLANG_WARN_OBJC_LITERAL_CONVERSION = YES;
				CLANG_WARN_OBJC_ROOT_CLASS = YES_ERROR;
				CLANG_WARN_RANGE_LOOP_ANALYSIS = YES;
				CLANG_WARN_STRICT_PROTOTYPES = YES;
				CLANG_WARN_SUSPICIOUS_MOVE = YES;
				CLANG_WARN_UNGUARDED_AVAILABILITY = YES_AGGRESSIVE;
				CLANG_WARN_UNREACHABLE_CODE = YES;
				CLANG_WARN__DUPLICATE_METHOD_MATCH = YES;
				CODE_SIGN_IDENTITY = "iPhone Developer";
				COPY_PHASE_STRIP = NO;
				DEBUG_INFORMATION_FORMAT = dwarf;
				ENABLE_STRICT_OBJC_MSGSEND = YES;
				ENABLE_TESTABILITY = YES;
				GCC_C_LANGUAGE_STANDARD = gnu11;
				GCC_DYNAMIC_NO_PIC = NO;
				GCC_NO_COMMON_BLOCKS = YES;
				GCC_OPTIMIZATION_LEVEL = 0;
				GCC_PREPROCESSOR_DEFINITIONS = (
					"DEBUG=1",
					"$(inherited)",
				);
				GCC_WARN_64_TO_32_BIT_CONVERSION = YES;
				GCC_WARN_ABOUT_RETURN_TYPE = YES_ERROR;
				GCC_WARN_UNDECLARED_SELECTOR = YES;
				GCC_WARN_UNINITIALIZED_AUTOS = YES_AGGRESSIVE;
				GCC_WARN_UNUSED_FUNCTION = YES;
				GCC_WARN_UNUSED_VARIABLE = YES;
				IPHONEOS_DEPLOYMENT_TARGET = 11.2;
				MTL_ENABLE_DEBUG_INFO = YES;
				ONLY_ACTIVE_ARCH = YES;
				SDKROOT = iphoneos;
				SWIFT_ACTIVE_COMPILATION_CONDITIONS = DEBUG;
				SWIFT_OPTIMIZATION_LEVEL = "-Onone";
			};
			name = Debug;
		};
		727FFEB61FEFE8BF00BAE86E /* Release */ = {
			isa = XCBuildConfiguration;
			buildSettings = {
				ALWAYS_SEARCH_USER_PATHS = NO;
				CLANG_ANALYZER_NONNULL = YES;
				CLANG_ANALYZER_NUMBER_OBJECT_CONVERSION = YES_AGGRESSIVE;
				CLANG_CXX_LANGUAGE_STANDARD = "gnu++14";
				CLANG_CXX_LIBRARY = "libc++";
				CLANG_ENABLE_MODULES = YES;
				CLANG_ENABLE_OBJC_ARC = YES;
				CLANG_WARN_BLOCK_CAPTURE_AUTORELEASING = YES;
				CLANG_WARN_BOOL_CONVERSION = YES;
				CLANG_WARN_COMMA = YES;
				CLANG_WARN_CONSTANT_CONVERSION = YES;
				CLANG_WARN_DIRECT_OBJC_ISA_USAGE = YES_ERROR;
				CLANG_WARN_DOCUMENTATION_COMMENTS = YES;
				CLANG_WARN_EMPTY_BODY = YES;
				CLANG_WARN_ENUM_CONVERSION = YES;
				CLANG_WARN_INFINITE_RECURSION = YES;
				CLANG_WARN_INT_CONVERSION = YES;
				CLANG_WARN_NON_LITERAL_NULL_CONVERSION = YES;
				CLANG_WARN_OBJC_LITERAL_CONVERSION = YES;
				CLANG_WARN_OBJC_ROOT_CLASS = YES_ERROR;
				CLANG_WARN_RANGE_LOOP_ANALYSIS = YES;
				CLANG_WARN_STRICT_PROTOTYPES = YES;
				CLANG_WARN_SUSPICIOUS_MOVE = YES;
				CLANG_WARN_UNGUARDED_AVAILABILITY = YES_AGGRESSIVE;
				CLANG_WARN_UNREACHABLE_CODE = YES;
				CLANG_WARN__DUPLICATE_METHOD_MATCH = YES;
				CODE_SIGN_IDENTITY = "iPhone Developer";
				COPY_PHASE_STRIP = NO;
				DEBUG_INFORMATION_FORMAT = "dwarf-with-dsym";
				ENABLE_NS_ASSERTIONS = NO;
				ENABLE_STRICT_OBJC_MSGSEND = YES;
				GCC_C_LANGUAGE_STANDARD = gnu11;
				GCC_NO_COMMON_BLOCKS = YES;
				GCC_WARN_64_TO_32_BIT_CONVERSION = YES;
				GCC_WARN_ABOUT_RETURN_TYPE = YES_ERROR;
				GCC_WARN_UNDECLARED_SELECTOR = YES;
				GCC_WARN_UNINITIALIZED_AUTOS = YES_AGGRESSIVE;
				GCC_WARN_UNUSED_FUNCTION = YES;
				GCC_WARN_UNUSED_VARIABLE = YES;
				IPHONEOS_DEPLOYMENT_TARGET = 11.2;
				MTL_ENABLE_DEBUG_INFO = NO;
				SDKROOT = iphoneos;
				SWIFT_OPTIMIZATION_LEVEL = "-Owholemodule";
				VALIDATE_PRODUCT = YES;
			};
			name = Release;
		};
		727FFEB81FEFE8BF00BAE86E /* Debug */ = {
			isa = XCBuildConfiguration;
			buildSettings = {
				ASSETCATALOG_COMPILER_APPICON_NAME = AppIcon;
				CODE_SIGN_STYLE = Automatic;
				DEVELOPMENT_TEAM = DE384S2D2N;
				INFOPLIST_FILE = ExposureTracker/Info.plist;
				LD_RUNPATH_SEARCH_PATHS = "$(inherited) @executable_path/Frameworks";
				PRODUCT_BUNDLE_IDENTIFIER = de.michaelberg.ExposureTracker;
				PRODUCT_NAME = "$(TARGET_NAME)";
				SWIFT_VERSION = 4.0;
				TARGETED_DEVICE_FAMILY = "1,2";
			};
			name = Debug;
		};
		727FFEB91FEFE8BF00BAE86E /* Release */ = {
			isa = XCBuildConfiguration;
			buildSettings = {
				ASSETCATALOG_COMPILER_APPICON_NAME = AppIcon;
				CODE_SIGN_STYLE = Automatic;
				DEVELOPMENT_TEAM = DE384S2D2N;
				INFOPLIST_FILE = ExposureTracker/Info.plist;
				LD_RUNPATH_SEARCH_PATHS = "$(inherited) @executable_path/Frameworks";
				PRODUCT_BUNDLE_IDENTIFIER = de.michaelberg.ExposureTracker;
				PRODUCT_NAME = "$(TARGET_NAME)";
				SWIFT_VERSION = 4.0;
				TARGETED_DEVICE_FAMILY = "1,2";
			};
			name = Release;
		};
		727FFEBB1FEFE8BF00BAE86E /* Debug */ = {
			isa = XCBuildConfiguration;
			buildSettings = {
				ALWAYS_EMBED_SWIFT_STANDARD_LIBRARIES = YES;
				BUNDLE_LOADER = "$(TEST_HOST)";
				CODE_SIGN_STYLE = Automatic;
				DEVELOPMENT_TEAM = DE384S2D2N;
				INFOPLIST_FILE = ExposureTrackerTests/Info.plist;
				LD_RUNPATH_SEARCH_PATHS = "$(inherited) @executable_path/Frameworks @loader_path/Frameworks";
				PRODUCT_BUNDLE_IDENTIFIER = de.michaelberg.ExposureTrackerTests;
				PRODUCT_NAME = "$(TARGET_NAME)";
				SWIFT_VERSION = 4.0;
				TARGETED_DEVICE_FAMILY = "1,2";
				TEST_HOST = "$(BUILT_PRODUCTS_DIR)/ExposureTracker.app/ExposureTracker";
			};
			name = Debug;
		};
		727FFEBC1FEFE8BF00BAE86E /* Release */ = {
			isa = XCBuildConfiguration;
			buildSettings = {
				ALWAYS_EMBED_SWIFT_STANDARD_LIBRARIES = YES;
				BUNDLE_LOADER = "$(TEST_HOST)";
				CODE_SIGN_STYLE = Automatic;
				DEVELOPMENT_TEAM = DE384S2D2N;
				INFOPLIST_FILE = ExposureTrackerTests/Info.plist;
				LD_RUNPATH_SEARCH_PATHS = "$(inherited) @executable_path/Frameworks @loader_path/Frameworks";
				PRODUCT_BUNDLE_IDENTIFIER = de.michaelberg.ExposureTrackerTests;
				PRODUCT_NAME = "$(TARGET_NAME)";
				SWIFT_VERSION = 4.0;
				TARGETED_DEVICE_FAMILY = "1,2";
				TEST_HOST = "$(BUILT_PRODUCTS_DIR)/ExposureTracker.app/ExposureTracker";
			};
			name = Release;
		};
/* End XCBuildConfiguration section */

/* Begin XCConfigurationList section */
		727FFE951FEFE8BE00BAE86E /* Build configuration list for PBXProject "ExposureTracker" */ = {
			isa = XCConfigurationList;
			buildConfigurations = (
				727FFEB51FEFE8BF00BAE86E /* Debug */,
				727FFEB61FEFE8BF00BAE86E /* Release */,
			);
			defaultConfigurationIsVisible = 0;
			defaultConfigurationName = Release;
		};
		727FFEB71FEFE8BF00BAE86E /* Build configuration list for PBXNativeTarget "ExposureTracker" */ = {
			isa = XCConfigurationList;
			buildConfigurations = (
				727FFEB81FEFE8BF00BAE86E /* Debug */,
				727FFEB91FEFE8BF00BAE86E /* Release */,
			);
			defaultConfigurationIsVisible = 0;
			defaultConfigurationName = Release;
		};
		727FFEBA1FEFE8BF00BAE86E /* Build configuration list for PBXNativeTarget "ExposureTrackerTests" */ = {
			isa = XCConfigurationList;
			buildConfigurations = (
				727FFEBB1FEFE8BF00BAE86E /* Debug */,
				727FFEBC1FEFE8BF00BAE86E /* Release */,
			);
			defaultConfigurationIsVisible = 0;
			defaultConfigurationName = Release;
		};
/* End XCConfigurationList section */
	};
	rootObject = 727FFE921FEFE8BE00BAE86E /* Project object */;
}
